{
	"name": "parallel-dispatch",
	"version": "0.1.0",
	"lockfileVersion": 3,
	"requires": true,
	"packages": {
		"": {
			"name": "parallel-dispatch",
			"version": "0.1.0",
			"devDependencies": {
				"@types/vscode": "1.85.0",
				"typescript": "5.9.3"
			},
			"engines": {
				"vscode": "^1.85.0"
			}
		},
		"node_modules/@types/vscode": {
			"version": "1.85.0",
			"resolved": "http://r.npm.sankuai.com/@types/vscode/download/@types/vscode-1.85.0.tgz",
			"integrity": "sha1-Rr6wfw9iZmW1LR4ilDgrK8Y7YC4=",
			"dev": true,
			"license": "MIT"
		},
		"node_modules/typescript": {
			"version": "5.9.3",
			"resolved": "http://r.npm.sankuai.com/typescript/download/typescript-5.9.3.tgz",
			"integrity": "sha1-W09Z4VMQqxeiFvXWz1PuR27eZw8=",
			"dev": true,
			"license": "Apache-2.0",
			"bin": {
				"tsc": "bin/tsc",
				"tsserver": "bin/tsserver"
			},
			"engines": {
				"node": ">=14.17"
			}
		}
	}
}
